
Microsoft Visual Studio Solution File, Format Version 12.00
# Visual Studio Version 17
VisualStudioVersion = 17.7.34024.191
MinimumVisualStudioVersion = 10.0.40219.1
Project("{FAE04EC0-301F-11D3-BF4B-00C04F79EFBC}") = "LMS", "LMS\LMS.csproj", "{9BF8E448-8324-455F-B89C-2F3B750AB820}"
EndProject
Global
	GlobalSection(SolutionConfigurationPlatforms) = preSolution
		Debug|Any CPU = Debug|Any CPU
		Release|Any CPU = Release|Any CPU
	EndGlobalSection
	GlobalSection(ProjectConfigurationPlatforms) = postSolution
		{9BF8E448-8324-455F-B89C-2F3B750AB820}.Debug|Any CPU.ActiveCfg = Debug|Any CPU
		{9BF8E448-8324-455F-B89C-2F3B750AB820}.Debug|Any CPU.Build.0 = Debug|Any CPU
		{9BF8E448-8324-455F-B89C-2F3B750AB820}.Release|Any CPU.ActiveCfg = Release|Any CPU
		{9BF8E448-8324-455F-B89C-2F3B750AB820}.Release|Any CPU.Build.0 = Release|Any CPU
	EndGlobalSection
	GlobalSection(SolutionProperties) = preSolution
		HideSolutionNode = FALSE
	EndGlobalSection
	GlobalSection(ExtensibilityGlobals) = postSolution
		SolutionGuid = {7D4BBF68-6603-4B0A-92D3-1A64EF697D87}
	EndGlobalSection
EndGlobal
